
Microsoft Visual Studio Solution File, Format Version 12.00
# Visual Studio Version 17
VisualStudioVersion = 17.14.36127.28
MinimumVisualStudioVersion = 10.0.40219.1
Project("{FAE04EC0-301F-11D3-BF4B-00C04F79EFBC}") = "ADS-B-Display", "ADS-B-Display\ADS-B-Display.csproj", "{4F630D0A-B257-46E3-BEA6-9AB031C752FC}"
EndProject
Global
	GlobalSection(SolutionConfigurationPlatforms) = preSolution
		Debug|x64 = Debug|x64
		Release|x64 = Release|x64
	EndGlobalSection
	GlobalSection(ProjectConfigurationPlatforms) = postSolution
		{4F630D0A-B257-46E3-BEA6-9AB031C752FC}.Debug|x64.ActiveCfg = Debug|x64
		{4F630D0A-B257-46E3-BEA6-9AB031C752FC}.Debug|x64.Build.0 = Debug|x64
		{4F630D0A-B257-46E3-BEA6-9AB031C752FC}.Release|x64.ActiveCfg = Release|x64
		{4F630D0A-B257-46E3-BEA6-9AB031C752FC}.Release|x64.Build.0 = Release|x64
	EndGlobalSection
	GlobalSection(SolutionProperties) = preSolution
		HideSolutionNode = FALSE
	EndGlobalSection
	GlobalSection(ExtensibilityGlobals) = postSolution
		SolutionGuid = {B42DB656-6702-4982-89F2-AF2DD5C0975F}
	EndGlobalSection
EndGlobal
